
Microsoft Visual Studio Solution File, Format Version 12.00
# Visual Studio Version 17
VisualStudioVersion = 17.13.35931.197 d17.13
MinimumVisualStudioVersion = 10.0.40219.1
Project("{FAE04EC0-301F-11D3-BF4B-00C04F79EFBC}") = "Vargas-TallerLigaProEcuador", "Vargas-TallerLigaProEcuador\Vargas-TallerLigaProEcuador.csproj", "{AC33D075-0F67-40B6-9CEA-D20DB63E53FC}"
EndProject
Global
	GlobalSection(SolutionConfigurationPlatforms) = preSolution
		Debug|Any CPU = Debug|Any CPU
		Release|Any CPU = Release|Any CPU
	EndGlobalSection
	GlobalSection(ProjectConfigurationPlatforms) = postSolution
		{AC33D075-0F67-40B6-9CEA-D20DB63E53FC}.Debug|Any CPU.ActiveCfg = Debug|Any CPU
		{AC33D075-0F67-40B6-9CEA-D20DB63E53FC}.Debug|Any CPU.Build.0 = Debug|Any CPU
		{AC33D075-0F67-40B6-9CEA-D20DB63E53FC}.Release|Any CPU.ActiveCfg = Release|Any CPU
		{AC33D075-0F67-40B6-9CEA-D20DB63E53FC}.Release|Any CPU.Build.0 = Release|Any CPU
	EndGlobalSection
	GlobalSection(SolutionProperties) = preSolution
		HideSolutionNode = FALSE
	EndGlobalSection
	GlobalSection(ExtensibilityGlobals) = postSolution
		SolutionGuid = {55F1BA83-DBDC-4626-BA1B-F21F2095F9C0}
	EndGlobalSection
EndGlobal
